// !$*UTF8*$!
{
	archiveVersion = 1;
	classes = {
	};
	objectVersion = 77;
	objects = {

/* Begin PBXContainerItemProxy section */
		14302B0F2DE15D3B00C48F97 /* PBXContainerItemProxy */ = {
			isa = PBXContainerItemProxy;
			containerPortal = 14302AF92DE15D3800C48F97 /* Project object */;
			proxyType = 1;
			remoteGlobalIDString = 14302B002DE15D3800C48F97;
			remoteInfo = "Swift-Packages";
		};
		14302B192DE15D3B00C48F97 /* PBXContainerItemProxy */ = {
			isa = PBXContainerItemProxy;
			containerPortal = 14302AF92DE15D3800C48F97 /* Project object */;
			proxyType = 1;
			remoteGlobalIDString = 14302B002DE15D3800C48F97;
			remoteInfo = "Swift-Packages";
		};
/* End PBXContainerItemProxy section */

/* Begin PBXFileReference section */
		14302B012DE15D3800C48F97 /* Swift-Packages.app */ = {isa = PBXFileReference; explicitFileType = wrapper.application; includeInIndex = 0; path = "Swift-Packages.app"; sourceTree = BUILT_PRODUCTS_DIR; };
		14302B0E2DE15D3B00C48F97 /* Swift-PackagesTests.xctest */ = {isa = PBXFileReference; explicitFileType = wrapper.cfbundle; includeInIndex = 0; path = "Swift-PackagesTests.xctest"; sourceTree = BUILT_PRODUCTS_DIR; };
		14302B182DE15D3B00C48F97 /* Swift-PackagesUITests.xctest */ = {isa = PBXFileReference; explicitFileType = wrapper.cfbundle; includeInIndex = 0; path = "Swift-PackagesUITests.xctest"; sourceTree = BUILT_PRODUCTS_DIR; };
/* End PBXFileReference section */

/* Begin PBXFileSystemSynchronizedRootGroup section */
		14302B032DE15D3800C48F97 /* Swift-Packages */ = {
			isa = PBXFileSystemSynchronizedRootGroup;
			path = "Swift-Packages";
			sourceTree = "<group>";
		};
		14302B112DE15D3B00C48F97 /* Swift-PackagesTests */ = {
			isa = PBXFileSystemSynchronizedRootGroup;
			path = "Swift-PackagesTests";
			sourceTree = "<group>";
		};
		14302B1B2DE15D3B00C48F97 /* Swift-PackagesUITests */ = {
			isa = PBXFileSystemSynchronizedRootGroup;
			path = "Swift-PackagesUITests";
			sourceTree = "<group>";
		};
/* End PBXFileSystemSynchronizedRootGroup section */

/* Begin PBXFrameworksBuildPhase section */
		14302AFE2DE15D3800C48F97 /* Frameworks */ = {
			isa = PBXFrameworksBuildPhase;
			buildActionMask = 2147483647;
			files = (
			);
			runOnlyForDeploymentPostprocessing = 0;
		};
		14302B0B2DE15D3B00C48F97 /* Frameworks */ = {
			isa = PBXFrameworksBuildPhase;
			buildActionMask = 2147483647;
			files = (
			);
			runOnlyForDeploymentPostprocessing = 0;
		};
		14302B152DE15D3B00C48F97 /* Frameworks */ = {
			isa = PBXFrameworksBuildPhase;
			buildActionMask = 2147483647;
			files = (
			);
			runOnlyForDeploymentPostprocessing = 0;
		};
/* End PBXFrameworksBuildPhase section */

/* Begin PBXGroup section */
		14302AF82DE15D3800C48F97 = {
			isa = PBXGroup;
			children = (
				14302B032DE15D3800C48F97 /* Swift-Packages */,
				14302B112DE15D3B00C48F97 /* Swift-PackagesTests */,
				14302B1B2DE15D3B00C48F97 /* Swift-PackagesUITests */,
				14302B022DE15D3800C48F97 /* Products */,
			);
			sourceTree = "<group>";
		};
		14302B022DE15D3800C48F97 /* Products */ = {
			isa = PBXGroup;
			children = (
				14302B012DE15D3800C48F97 /* Swift-Packages.app */,
				14302B0E2DE15D3B00C48F97 /* Swift-PackagesTests.xctest */,
				14302B182DE15D3B00C48F97 /* Swift-PackagesUITests.xctest */,
			);
			name = Products;
			sourceTree = "<group>";
		};
/* End PBXGroup section */

/* Begin PBXNativeTarget section */
		14302B002DE15D3800C48F97 /* Swift-Packages */ = {
			isa = PBXNativeTarget;
			buildConfigurationList = 14302B222DE15D3B00C48F97 /* Build configuration list for PBXNativeTarget "Swift-Packages" */;
			buildPhases = (
				14302AFD2DE15D3800C48F97 /* Sources */,
				14302AFE2DE15D3800C48F97 /* Frameworks */,
				14302AFF2DE15D3800C48F97 /* Resources */,
			);
			buildRules = (
			);
			dependencies = (
			);
			fileSystemSynchronizedGroups = (
				14302B032DE15D3800C48F97 /* Swift-Packages */,
			);
			name = "Swift-Packages";
			packageProductDependencies = (
			);
			productName = "Swift-Packages";
			productReference = 14302B012DE15D3800C48F97 /* Swift-Packages.app */;
			productType = "com.apple.product-type.application";
		};
		14302B0D2DE15D3B00C48F97 /* Swift-PackagesTests */ = {
			isa = PBXNativeTarget;
			buildConfigurationList = 14302B252DE15D3B00C48F97 /* Build configuration list for PBXNativeTarget "Swift-PackagesTests" */;
			buildPhases = (
				14302B0A2DE15D3B00C48F97 /* Sources */,
				14302B0B2DE15D3B00C48F97 /* Frameworks */,
				14302B0C2DE15D3B00C48F97 /* Resources */,
			);
			buildRules = (
			);
			dependencies = (
				14302B102DE15D3B00C48F97 /* PBXTargetDependency */,
			);
			fileSystemSynchronizedGroups = (
				14302B112DE15D3B00C48F97 /* Swift-PackagesTests */,
			);
			name = "Swift-PackagesTests";
			packageProductDependencies = (
			);
			productName = "Swift-PackagesTests";
			productReference = 14302B0E2DE15D3B00C48F97 /* Swift-PackagesTests.xctest */;
			productType = "com.apple.product-type.bundle.unit-test";
		};
		14302B172DE15D3B00C48F97 /* Swift-PackagesUITests */ = {
			isa = PBXNativeTarget;
			buildConfigurationList = 14302B282DE15D3B00C48F97 /* Build configuration list for PBXNativeTarget "Swift-PackagesUITests" */;
			buildPhases = (
				14302B142DE15D3B00C48F97 /* Sources */,
				14302B152DE15D3B00C48F97 /* Frameworks */,
				14302B162DE15D3B00C48F97 /* Resources */,
			);
			buildRules = (
			);
			dependencies = (
				14302B1A2DE15D3B00C48F97 /* PBXTargetDependency */,
			);
			fileSystemSynchronizedGroups = (
				14302B1B2DE15D3B00C48F97 /* Swift-PackagesUITests */,
			);
			name = "Swift-PackagesUITests";
			packageProductDependencies = (
			);
			productName = "Swift-PackagesUITests";
			productReference = 14302B182DE15D3B00C48F97 /* Swift-PackagesUITests.xctest */;
			productType = "com.apple.product-type.bundle.ui-testing";
		};
/* End PBXNativeTarget section */

/* Begin PBXProject section */
		14302AF92DE15D3800C48F97 /* Project object */ = {
			isa = PBXProject;
			attributes = {
				BuildIndependentTargetsInParallel = 1;
				LastSwiftUpdateCheck = 1630;
				LastUpgradeCheck = 1630;
				TargetAttributes = {
					14302B002DE15D3800C48F97 = {
						CreatedOnToolsVersion = 16.3;
					};
					14302B0D2DE15D3B00C48F97 = {
						CreatedOnToolsVersion = 16.3;
						TestTargetID = 14302B002DE15D3800C48F97;
					};
					14302B172DE15D3B00C48F97 = {
						CreatedOnToolsVersion = 16.3;
						TestTargetID = 14302B002DE15D3800C48F97;
					};
				};
			};
			buildConfigurationList = 14302AFC2DE15D3800C48F97 /* Build configuration list for PBXProject "Swift-Packages" */;
			developmentRegion = en;
			hasScannedForEncodings = 0;
			knownRegions = (
				en,
				Base,
			);
			mainGroup = 14302AF82DE15D3800C48F97;
			minimizedProjectReferenceProxies = 1;
			preferredProjectObjectVersion = 77;
			productRefGroup = 14302B022DE15D3800C48F97 /* Products */;
			projectDirPath = "";
			projectRoot = "";
			targets = (
				14302B002DE15D3800C48F97 /* Swift-Packages */,
				14302B0D2DE15D3B00C48F97 /* Swift-PackagesTests */,
				14302B172DE15D3B00C48F97 /* Swift-PackagesUITests */,
			);
		};
/* End PBXProject section */

/* Begin PBXResourcesBuildPhase section */
		14302AFF2DE15D3800C48F97 /* Resources */ = {
			isa = PBXResourcesBuildPhase;
			buildActionMask = 2147483647;
			files = (
			);
			runOnlyForDeploymentPostprocessing = 0;
		};
		14302B0C2DE15D3B00C48F97 /* Resources */ = {
			isa = PBXResourcesBuildPhase;
			buildActionMask = 2147483647;
			files = (
			);
			runOnlyForDeploymentPostprocessing = 0;
		};
		14302B162DE15D3B00C48F97 /* Resources */ = {
			isa = PBXResourcesBuildPhase;
			buildActionMask = 2147483647;
			files = (
			);
			runOnlyForDeploymentPostprocessing = 0;
		};
/* End PBXResourcesBuildPhase section */

/* Begin PBXSourcesBuildPhase section */
		14302AFD2DE15D3800C48F97 /* Sources */ = {
			isa = PBXSourcesBuildPhase;
			buildActionMask = 2147483647;
			files = (
			);
			runOnlyForDeploymentPostprocessing = 0;
		};
		14302B0A2DE15D3B00C48F97 /* Sources */ = {
			isa = PBXSourcesBuildPhase;
			buildActionMask = 2147483647;
			files = (
			);
			runOnlyForDeploymentPostprocessing = 0;
		};
		14302B142DE15D3B00C48F97 /* Sources */ = {
			isa = PBXSourcesBuildPhase;
			buildActionMask = 2147483647;
			files = (
			);
			runOnlyForDeploymentPostprocessing = 0;
		};
/* End PBXSourcesBuildPhase section */

/* Begin PBXTargetDependency section */
		14302B102DE15D3B00C48F97 /* PBXTargetDependency */ = {
			isa = PBXTargetDependency;
			target = 14302B002DE15D3800C48F97 /* Swift-Packages */;
			targetProxy = 14302B0F2DE15D3B00C48F97 /* PBXContainerItemProxy */;
		};
		14302B1A2DE15D3B00C48F97 /* PBXTargetDependency */ = {
			isa = PBXTargetDependency;
			target = 14302B002DE15D3800C48F97 /* Swift-Packages */;
			targetProxy = 14302B192DE15D3B00C48F97 /* PBXContainerItemProxy */;
		};
/* End PBXTargetDependency section */

/* Begin XCBuildConfiguration section */
		14302B202DE15D3B00C48F97 /* Debug */ = {
			isa = XCBuildConfiguration;
			buildSettings = {
				ALWAYS_SEARCH_USER_PATHS = NO;
				ASSETCATALOG_COMPILER_GENERATE_SWIFT_ASSET_SYMBOL_EXTENSIONS = YES;
				CLANG_ANALYZER_NONNULL = YES;
				CLANG_ANALYZER_NUMBER_OBJECT_CONVERSION = YES_AGGRESSIVE;
				CLANG_CXX_LANGUAGE_STANDARD = "gnu++20";
				CLANG_ENABLE_MODULES = YES;
				CLANG_ENABLE_OBJC_ARC = YES;
				CLANG_ENABLE_OBJC_WEAK = YES;
				CLANG_WARN_BLOCK_CAPTURE_AUTORELEASING = YES;
				CLANG_WARN_BOOL_CONVERSION = YES;
				CLANG_WARN_COMMA = YES;
				CLANG_WARN_CONSTANT_CONVERSION = YES;
				CLANG_WARN_DEPRECATED_OBJC_IMPLEMENTATIONS = YES;
				CLANG_WARN_DIRECT_OBJC_ISA_USAGE = YES_ERROR;
				CLANG_WARN_DOCUMENTATION_COMMENTS = YES;
				CLANG_WARN_EMPTY_BODY = YES;
				CLANG_WARN_ENUM_CONVERSION = YES;
				CLANG_WARN_INFINITE_RECURSION = YES;
				CLANG_WARN_INT_CONVERSION = YES;
				CLANG_WARN_NON_LITERAL_NULL_CONVERSION = YES;
				CLANG_WARN_OBJC_IMPLICIT_RETAIN_SELF = YES;
				CLANG_WARN_OBJC_LITERAL_CONVERSION = YES;
				CLANG_WARN_OBJC_ROOT_CLASS = YES_ERROR;
				CLANG_WARN_QUOTED_INCLUDE_IN_FRAMEWORK_HEADER = YES;
				CLANG_WARN_RANGE_LOOP_ANALYSIS = YES;
				CLANG_WARN_STRICT_PROTOTYPES = YES;
				CLANG_WARN_SUSPICIOUS_MOVE = YES;
				CLANG_WARN_UNGUARDED_AVAILABILITY = YES_AGGRESSIVE;
				CLANG_WARN_UNREACHABLE_CODE = YES;
				CLANG_WARN__DUPLICATE_METHOD_MATCH = YES;
				COPY_PHASE_STRIP = NO;
				DEBUG_INFORMATION_FORMAT = dwarf;
				DEVELOPMENT_TEAM = 92UJHX5VL3;
				ENABLE_STRICT_OBJC_MSGSEND = YES;
				ENABLE_TESTABILITY = YES;
				ENABLE_USER_SCRIPT_SANDBOXING = YES;
				GCC_C_LANGUAGE_STANDARD = gnu17;
				GCC_DYNAMIC_NO_PIC = NO;
				GCC_NO_COMMON_BLOCKS = YES;
				GCC_OPTIMIZATION_LEVEL = 0;
				GCC_PREPROCESSOR_DEFINITIONS = (
					"DEBUG=1",
					"$(inherited)",
				);
				GCC_WARN_64_TO_32_BIT_CONVERSION = YES;
				GCC_WARN_ABOUT_RETURN_TYPE = YES_ERROR;
				GCC_WARN_UNDECLARED_SELECTOR = YES;
				GCC_WARN_UNINITIALIZED_AUTOS = YES_AGGRESSIVE;
				GCC_WARN_UNUSED_FUNCTION = YES;
				GCC_WARN_UNUSED_VARIABLE = YES;
				IPHONEOS_DEPLOYMENT_TARGET = 18.4;
				LOCALIZATION_PREFERS_STRING_CATALOGS = YES;
				MTL_ENABLE_DEBUG_INFO = INCLUDE_SOURCE;
				MTL_FAST_MATH = YES;
				ONLY_ACTIVE_ARCH = YES;
				SDKROOT = iphoneos;
				SWIFT_ACTIVE_COMPILATION_CONDITIONS = "DEBUG $(inherited)";
				"SWIFT_OBJC_BRIDGING_HEADER[arch=*]" = "Swift-Packages/Swift-Packages-Bridging-Header.h";
				SWIFT_OPTIMIZATION_LEVEL = "-Onone";
			};
			name = Debug;
		};
		14302B212DE15D3B00C48F97 /* Release */ = {
			isa = XCBuildConfiguration;
			buildSettings = {
				ALWAYS_SEARCH_USER_PATHS = NO;
				ASSETCATALOG_COMPILER_GENERATE_SWIFT_ASSET_SYMBOL_EXTENSIONS = YES;
				CLANG_ANALYZER_NONNULL = YES;
				CLANG_ANALYZER_NUMBER_OBJECT_CONVERSION = YES_AGGRESSIVE;
				CLANG_CXX_LANGUAGE_STANDARD = "gnu++20";
				CLANG_ENABLE_MODULES = YES;
				CLANG_ENABLE_OBJC_ARC = YES;
				CLANG_ENABLE_OBJC_WEAK = YES;
				CLANG_WARN_BLOCK_CAPTURE_AUTORELEASING = YES;
				CLANG_WARN_BOOL_CONVERSION = YES;
				CLANG_WARN_COMMA = YES;
				CLANG_WARN_CONSTANT_CONVERSION = YES;
				CLANG_WARN_DEPRECATED_OBJC_IMPLEMENTATIONS = YES;
				CLANG_WARN_DIRECT_OBJC_ISA_USAGE = YES_ERROR;
				CLANG_WARN_DOCUMENTATION_COMMENTS = YES;
				CLANG_WARN_EMPTY_BODY = YES;
				CLANG_WARN_ENUM_CONVERSION = YES;
				CLANG_WARN_INFINITE_RECURSION = YES;
				CLANG_WARN_INT_CONVERSION = YES;
				CLANG_WARN_NON_LITERAL_NULL_CONVERSION = YES;
				CLANG_WARN_OBJC_IMPLICIT_RETAIN_SELF = YES;
				CLANG_WARN_OBJC_LITERAL_CONVERSION = YES;
				CLANG_WARN_OBJC_ROOT_CLASS = YES_ERROR;
				CLANG_WARN_QUOTED_INCLUDE_IN_FRAMEWORK_HEADER = YES;
				CLANG_WARN_RANGE_LOOP_ANALYSIS = YES;
				CLANG_WARN_STRICT_PROTOTYPES = YES;
				CLANG_WARN_SUSPICIOUS_MOVE = YES;
				CLANG_WARN_UNGUARDED_AVAILABILITY = YES_AGGRESSIVE;
				CLANG_WARN_UNREACHABLE_CODE = YES;
				CLANG_WARN__DUPLICATE_METHOD_MATCH = YES;
				COPY_PHASE_STRIP = NO;
				DEBUG_INFORMATION_FORMAT = "dwarf-with-dsym";
				DEVELOPMENT_TEAM = 92UJHX5VL3;
				ENABLE_NS_ASSERTIONS = NO;
				ENABLE_STRICT_OBJC_MSGSEND = YES;
				ENABLE_USER_SCRIPT_SANDBOXING = YES;
				GCC_C_LANGUAGE_STANDARD = gnu17;
				GCC_NO_COMMON_BLOCKS = YES;
				GCC_WARN_64_TO_32_BIT_CONVERSION = YES;
				GCC_WARN_ABOUT_RETURN_TYPE = YES_ERROR;
				GCC_WARN_UNDECLARED_SELECTOR = YES;
				GCC_WARN_UNINITIALIZED_AUTOS = YES_AGGRESSIVE;
				GCC_WARN_UNUSED_FUNCTION = YES;
				GCC_WARN_UNUSED_VARIABLE = YES;
				IPHONEOS_DEPLOYMENT_TARGET = 18.4;
				LOCALIZATION_PREFERS_STRING_CATALOGS = YES;
				MTL_ENABLE_DEBUG_INFO = NO;
				MTL_FAST_MATH = YES;
				SDKROOT = iphoneos;
				SWIFT_COMPILATION_MODE = wholemodule;
				"SWIFT_OBJC_BRIDGING_HEADER[arch=*]" = "Swift-Packages/Swift-Packages-Bridging-Header.h";
				VALIDATE_PRODUCT = YES;
			};
			name = Release;
		};
		14302B232DE15D3B00C48F97 /* Debug */ = {
			isa = XCBuildConfiguration;
			buildSettings = {
				ASSETCATALOG_COMPILER_APPICON_NAME = AppIcon;
				ASSETCATALOG_COMPILER_GLOBAL_ACCENT_COLOR_NAME = AccentColor;
				CODE_SIGN_STYLE = Automatic;
				CURRENT_PROJECT_VERSION = 1;
				DEVELOPMENT_TEAM = 92UJHX5VL3;
				ENABLE_PREVIEWS = YES;
				GENERATE_INFOPLIST_FILE = YES;
				INFOPLIST_KEY_UIApplicationSceneManifest_Generation = YES;
				INFOPLIST_KEY_UIApplicationSupportsIndirectInputEvents = YES;
				INFOPLIST_KEY_UILaunchScreen_Generation = YES;
				INFOPLIST_KEY_UISupportedInterfaceOrientations_iPad = "UIInterfaceOrientationPortrait UIInterfaceOrientationPortraitUpsideDown UIInterfaceOrientationLandscapeLeft UIInterfaceOrientationLandscapeRight";
				INFOPLIST_KEY_UISupportedInterfaceOrientations_iPhone = "UIInterfaceOrientationPortrait UIInterfaceOrientationLandscapeLeft UIInterfaceOrientationLandscapeRight";
				LD_RUNPATH_SEARCH_PATHS = (
					"$(inherited)",
					"@executable_path/Frameworks",
				);
				MARKETING_VERSION = 1.0;
				PRODUCT_BUNDLE_IDENTIFIER = "com.guac.Swift-Packages";
				PRODUCT_NAME = "$(TARGET_NAME)";
				SWIFT_EMIT_LOC_STRINGS = YES;
				SWIFT_VERSION = 5.0;
				TARGETED_DEVICE_FAMILY = "1,2";
			};
			name = Debug;
		};
		14302B242DE15D3B00C48F97 /* Release */ = {
			isa = XCBuildConfiguration;
			buildSettings = {
				ASSETCATALOG_COMPILER_APPICON_NAME = AppIcon;
				ASSETCATALOG_COMPILER_GLOBAL_ACCENT_COLOR_NAME = AccentColor;
				CODE_SIGN_STYLE = Automatic;
				CURRENT_PROJECT_VERSION = 1;
				DEVELOPMENT_TEAM = 92UJHX5VL3;
				ENABLE_PREVIEWS = YES;
				GENERATE_INFOPLIST_FILE = YES;
				INFOPLIST_KEY_UIApplicationSceneManifest_Generation = YES;
				INFOPLIST_KEY_UIApplicationSupportsIndirectInputEvents = YES;
				INFOPLIST_KEY_UILaunchScreen_Generation = YES;
				INFOPLIST_KEY_UISupportedInterfaceOrientations_iPad = "UIInterfaceOrientationPortrait UIInterfaceOrientationPortraitUpsideDown UIInterfaceOrientationLandscapeLeft UIInterfaceOrientationLandscapeRight";
				INFOPLIST_KEY_UISupportedInterfaceOrientations_iPhone = "UIInterfaceOrientationPortrait UIInterfaceOrientationLandscapeLeft UIInterfaceOrientationLandscapeRight";
				LD_RUNPATH_SEARCH_PATHS = (
					"$(inherited)",
					"@executable_path/Frameworks",
				);
				MARKETING_VERSION = 1.0;
				PRODUCT_BUNDLE_IDENTIFIER = "com.guac.Swift-Packages";
				PRODUCT_NAME = "$(TARGET_NAME)";
				SWIFT_EMIT_LOC_STRINGS = YES;
				SWIFT_VERSION = 5.0;
				TARGETED_DEVICE_FAMILY = "1,2";
			};
			name = Release;
		};
		14302B262DE15D3B00C48F97 /* Debug */ = {
			isa = XCBuildConfiguration;
			buildSettings = {
				BUNDLE_LOADER = "$(TEST_HOST)";
				CODE_SIGN_STYLE = Automatic;
				CURRENT_PROJECT_VERSION = 1;
				DEVELOPMENT_TEAM = 92UJHX5VL3;
				GENERATE_INFOPLIST_FILE = YES;
				IPHONEOS_DEPLOYMENT_TARGET = 18.4;
				MARKETING_VERSION = 1.0;
				PRODUCT_BUNDLE_IDENTIFIER = "com.guac.Swift-PackagesTests";
				PRODUCT_NAME = "$(TARGET_NAME)";
				SWIFT_EMIT_LOC_STRINGS = NO;
				SWIFT_VERSION = 5.0;
				TARGETED_DEVICE_FAMILY = "1,2";
				TEST_HOST = "$(BUILT_PRODUCTS_DIR)/Swift-Packages.app/$(BUNDLE_EXECUTABLE_FOLDER_PATH)/Swift-Packages";
			};
			name = Debug;
		};
		14302B272DE15D3B00C48F97 /* Release */ = {
			isa = XCBuildConfiguration;
			buildSettings = {
				BUNDLE_LOADER = "$(TEST_HOST)";
				CODE_SIGN_STYLE = Automatic;
				CURRENT_PROJECT_VERSION = 1;
				DEVELOPMENT_TEAM = 92UJHX5VL3;
				GENERATE_INFOPLIST_FILE = YES;
				IPHONEOS_DEPLOYMENT_TARGET = 18.4;
				MARKETING_VERSION = 1.0;
				PRODUCT_BUNDLE_IDENTIFIER = "com.guac.Swift-PackagesTests";
				PRODUCT_NAME = "$(TARGET_NAME)";
				SWIFT_EMIT_LOC_STRINGS = NO;
				SWIFT_VERSION = 5.0;
				TARGETED_DEVICE_FAMILY = "1,2";
				TEST_HOST = "$(BUILT_PRODUCTS_DIR)/Swift-Packages.app/$(BUNDLE_EXECUTABLE_FOLDER_PATH)/Swift-Packages";
			};
			name = Release;
		};
		14302B292DE15D3B00C48F97 /* Debug */ = {
			isa = XCBuildConfiguration;
			buildSettings = {
				CODE_SIGN_STYLE = Automatic;
				CURRENT_PROJECT_VERSION = 1;
				DEVELOPMENT_TEAM = 92UJHX5VL3;
				GENERATE_INFOPLIST_FILE = YES;
				MARKETING_VERSION = 1.0;
				PRODUCT_BUNDLE_IDENTIFIER = "com.guac.Swift-PackagesUITests";
				PRODUCT_NAME = "$(TARGET_NAME)";
				SWIFT_EMIT_LOC_STRINGS = NO;
				SWIFT_VERSION = 5.0;
				TARGETED_DEVICE_FAMILY = "1,2";
				TEST_TARGET_NAME = "Swift-Packages";
			};
			name = Debug;
		};
		14302B2A2DE15D3B00C48F97 /* Release */ = {
			isa = XCBuildConfiguration;
			buildSettings = {
				CODE_SIGN_STYLE = Automatic;
				CURRENT_PROJECT_VERSION = 1;
				DEVELOPMENT_TEAM = 92UJHX5VL3;
				GENERATE_INFOPLIST_FILE = YES;
				MARKETING_VERSION = 1.0;
				PRODUCT_BUNDLE_IDENTIFIER = "com.guac.Swift-PackagesUITests";
				PRODUCT_NAME = "$(TARGET_NAME)";
				SWIFT_EMIT_LOC_STRINGS = NO;
				SWIFT_VERSION = 5.0;
				TARGETED_DEVICE_FAMILY = "1,2";
				TEST_TARGET_NAME = "Swift-Packages";
			};
			name = Release;
		};
/* End XCBuildConfiguration section */

/* Begin XCConfigurationList section */
		14302AFC2DE15D3800C48F97 /* Build configuration list for PBXProject "Swift-Packages" */ = {
			isa = XCConfigurationList;
			buildConfigurations = (
				14302B202DE15D3B00C48F97 /* Debug */,
				14302B212DE15D3B00C48F97 /* Release */,
			);
			defaultConfigurationIsVisible = 0;
			defaultConfigurationName = Release;
		};
		14302B222DE15D3B00C48F97 /* Build configuration list for PBXNativeTarget "Swift-Packages" */ = {
			isa = XCConfigurationList;
			buildConfigurations = (
				14302B232DE15D3B00C48F97 /* Debug */,
				14302B242DE15D3B00C48F97 /* Release */,
			);
			defaultConfigurationIsVisible = 0;
			defaultConfigurationName = Release;
		};
		14302B252DE15D3B00C48F97 /* Build configuration list for PBXNativeTarget "Swift-PackagesTests" */ = {
			isa = XCConfigurationList;
			buildConfigurations = (
				14302B262DE15D3B00C48F97 /* Debug */,
				14302B272DE15D3B00C48F97 /* Release */,
			);
			defaultConfigurationIsVisible = 0;
			defaultConfigurationName = Release;
		};
		14302B282DE15D3B00C48F97 /* Build configuration list for PBXNativeTarget "Swift-PackagesUITests" */ = {
			isa = XCConfigurationList;
			buildConfigurations = (
				14302B292DE15D3B00C48F97 /* Debug */,
				14302B2A2DE15D3B00C48F97 /* Release */,
			);
			defaultConfigurationIsVisible = 0;
			defaultConfigurationName = Release;
		};
/* End XCConfigurationList section */
	};
	rootObject = 14302AF92DE15D3800C48F97 /* Project object */;
}
